
Microsoft Visual Studio Solution File, Format Version 12.00
# Visual Studio 15
VisualStudioVersion = 15.0.28010.2003
MinimumVisualStudioVersion = 10.0.40219.1
Project("{2150E333-8FDC-42A3-9474-1A3956D46DE8}") = "Unfinished", "Unfinished", "{36A1F5B8-F3D6-4F07-A993-6071143B7324}"
EndProject
Project("{2150E333-8FDC-42A3-9474-1A3956D46DE8}") = "Exercise0", "Exercise0", "{F7F7E94C-A17D-4EC0-B888-913C40FCA96F}"
EndProject
Project("{2150E333-8FDC-42A3-9474-1A3956D46DE8}") = "Under", "Under", "{FC6DBB27-AFBF-4CDC-BFB9-30D8C43B9031}"
EndProject
Project("{FAE04EC0-301F-11D3-BF4B-00C04F79EFBC}") = "Beep", "Beep\Beep.csproj", "{5E1F59C5-FCAF-4D50-9ADB-BB8BFB89F656}"
EndProject
Project("{FAE04EC0-301F-11D3-BF4B-00C04F79EFBC}") = "CalculatingFactorial", "CalculatingFactorial\CalculatingFactorial.csproj", "{774EA2F0-889B-4601-AFA8-E98809CD6360}"
EndProject
Project("{FAE04EC0-301F-11D3-BF4B-00C04F79EFBC}") = "CreateCustomClass", "CreateCustomClass\CreateCustomClass.csproj", "{C073176B-691F-4D89-9338-232260966C97}"
EndProject
Project("{FAE04EC0-301F-11D3-BF4B-00C04F79EFBC}") = "Encryption", "Encryption\Encryption.csproj", "{AC6DAE81-F71C-4D48-BB9F-9590329F7D90}"
EndProject
Project("{FAE04EC0-301F-11D3-BF4B-00C04F79EFBC}") = "EnteringCharacterString", "EnteringCharacterString\EnteringCharacterString.csproj", "{86F5F482-407D-4C79-AFA1-A2038900FC56}"
EndProject
Project("{FAE04EC0-301F-11D3-BF4B-00C04F79EFBC}") = "Hello", "Hello\Hello.csproj", "{AC552A70-5107-4FB6-8203-80556C08CE30}"
EndProject
Project("{FAE04EC0-301F-11D3-BF4B-00C04F79EFBC}") = "LiftingCapacity", "LiftingCapacity\LiftingCapacity.csproj", "{4CE40B74-4038-490F-B761-CF8C2020BB4E}"
EndProject
Project("{FAE04EC0-301F-11D3-BF4B-00C04F79EFBC}") = "RemoveUnnecessarySpaces", "RemoveUnnecessarySpaces\RemoveUnnecessarySpaces.csproj", "{34E9FFC8-C762-4A2B-A640-6E1E92D20492}"
EndProject
Project("{FAE04EC0-301F-11D3-BF4B-00C04F79EFBC}") = "StaticsMethods", "StaticsMethods\StaticsMethods.csproj", "{002811CD-6BCB-4056-8F33-2530D8AC4D4C}"
EndProject
Project("{FAE04EC0-301F-11D3-BF4B-00C04F79EFBC}") = "StaticsMethods2", "StaticsMethods2\StaticsMethods2.csproj", "{56F97935-6CFB-4F9F-ABB5-D8343EB285DD}"
EndProject
Project("{FAE04EC0-301F-11D3-BF4B-00C04F79EFBC}") = "StringFormat", "StringFormat\StringFormat.csproj", "{7431FE76-032A-4639-B65A-451EB1C0C289}"
EndProject
Project("{FAE04EC0-301F-11D3-BF4B-00C04F79EFBC}") = "TernaryOperator", "TernaryOperator\TernaryOperator.csproj", "{12476BC8-FED3-4079-B424-760A9571FDAB}"
EndProject
Project("{FAE04EC0-301F-11D3-BF4B-00C04F79EFBC}") = "UnicodeName", "UnicodeName\UnicodeName.csproj", "{51EE7A46-6237-47CC-B339-DE9A01944BCE}"
EndProject
Project("{FAE04EC0-301F-11D3-BF4B-00C04F79EFBC}") = "UsingFor", "UsingFor\UsingFor.csproj", "{D34B9CE6-0342-4E89-AC69-D43F4286C4DF}"
EndProject
Project("{FAE04EC0-301F-11D3-BF4B-00C04F79EFBC}") = "UsingSwitch", "UsingSwitch\UsingSwitch.csproj", "{5EF601F9-227D-4667-9CC4-36BA84F2F1DD}"
EndProject
Project("{FAE04EC0-301F-11D3-BF4B-00C04F79EFBC}") = "UsingWhile", "UsingWhile\UsingWhile.csproj", "{BAD290BB-A7DF-43AC-B454-0E2DE8F2251E}"
EndProject
Project("{FAE04EC0-301F-11D3-BF4B-00C04F79EFBC}") = "WorkingArrays", "WorkingArrays\WorkingArrays.csproj", "{93610523-71A5-4839-9F9F-C25DE1AB2DAE}"
EndProject
Project("{FAE04EC0-301F-11D3-BF4B-00C04F79EFBC}") = "EnteringPointInCircle", "EnteringPointInCircle\EnteringPointInCircle.csproj", "{22A5CA28-ED5D-4660-ABF2-2FDA1A2BE260}"
EndProject
Project("{FAE04EC0-301F-11D3-BF4B-00C04F79EFBC}") = "QuadraticEquation", "QuadraticEquation\QuadraticEquation.csproj", "{ACCE569C-A262-419E-BBDA-69403F4028DA}"
EndProject
Project("{FAE04EC0-301F-11D3-BF4B-00C04F79EFBC}") = "RayOfLight", "RayOfLight\RayOfLight.csproj", "{9E36E9A3-2E7B-4A99-946E-6EE744DC0515}"
EndProject
Project("{FAE04EC0-301F-11D3-BF4B-00C04F79EFBC}") = "WorkingArrays2", "WorkingArrays2\WorkingArrays2.csproj", "{2E09754D-E014-4B17-894E-7C9F43902AEB}"
EndProject
Project("{FAE04EC0-301F-11D3-BF4B-00C04F79EFBC}") = "UsingEnum", "UsingEnum\UsingEnum.csproj", "{6371DE72-0494-4CCA-97B3-27E5CD267B6F}"
EndProject
Project("{FAE04EC0-301F-11D3-BF4B-00C04F79EFBC}") = "ArrayTest", "ArrayTest\ArrayTest.csproj", "{689447AF-2794-4373-8130-6A54BACA83E3}"
EndProject
Project("{2150E333-8FDC-42A3-9474-1A3956D46DE8}") = "OOP", "OOP", "{9091D3E7-6B09-4537-9EE6-8C8FDA3593EB}"
EndProject
Project("{FAE04EC0-301F-11D3-BF4B-00C04F79EFBC}") = "ConstructorTest", "ConstructorTest\ConstructorTest.csproj", "{6ED05A29-D49F-4B3A-A705-A5BBE348FF56}"
EndProject
Project("{FAE04EC0-301F-11D3-BF4B-00C04F79EFBC}") = "ConstructorRestarting", "ConstructorRestarting\ConstructorRestarting.csproj", "{C9C24FA3-531C-4EA1-8AEF-38AF96EB23FF}"
EndProject
Project("{FAE04EC0-301F-11D3-BF4B-00C04F79EFBC}") = "UsingEnumClass", "UsingEnumClass\UsingEnumClass.csproj", "{30A0AED0-D814-42FF-A713-96565CA79427}"
EndProject
Project("{FAE04EC0-301F-11D3-BF4B-00C04F79EFBC}") = "MethodsCustomClass", "MethodsCustomClass\MethodsCustomClass.csproj", "{B8D6EC92-6BF0-4856-AD14-16716580221E}"
EndProject
Project("{FAE04EC0-301F-11D3-BF4B-00C04F79EFBC}") = "GetSetTest", "GetSetTest\GetSetTest.csproj", "{D7BB3CFE-9717-40BD-AA1C-D3DC49F96AF5}"
EndProject
Project("{FAE04EC0-301F-11D3-BF4B-00C04F79EFBC}") = "UserAuthorization", "UserAuthorization\UserAuthorization.csproj", "{C9FE4928-7E99-4AA1-9EA1-E66860526C76}"
EndProject
Global
	GlobalSection(SolutionConfigurationPlatforms) = preSolution
		Debug|Any CPU = Debug|Any CPU
		Release|Any CPU = Release|Any CPU
	EndGlobalSection
	GlobalSection(ProjectConfigurationPlatforms) = postSolution
		{5E1F59C5-FCAF-4D50-9ADB-BB8BFB89F656}.Debug|Any CPU.ActiveCfg = Debug|Any CPU
		{5E1F59C5-FCAF-4D50-9ADB-BB8BFB89F656}.Debug|Any CPU.Build.0 = Debug|Any CPU
		{5E1F59C5-FCAF-4D50-9ADB-BB8BFB89F656}.Release|Any CPU.ActiveCfg = Release|Any CPU
		{5E1F59C5-FCAF-4D50-9ADB-BB8BFB89F656}.Release|Any CPU.Build.0 = Release|Any CPU
		{774EA2F0-889B-4601-AFA8-E98809CD6360}.Debug|Any CPU.ActiveCfg = Debug|Any CPU
		{774EA2F0-889B-4601-AFA8-E98809CD6360}.Debug|Any CPU.Build.0 = Debug|Any CPU
		{774EA2F0-889B-4601-AFA8-E98809CD6360}.Release|Any CPU.ActiveCfg = Release|Any CPU
		{774EA2F0-889B-4601-AFA8-E98809CD6360}.Release|Any CPU.Build.0 = Release|Any CPU
		{C073176B-691F-4D89-9338-232260966C97}.Debug|Any CPU.ActiveCfg = Debug|Any CPU
		{C073176B-691F-4D89-9338-232260966C97}.Debug|Any CPU.Build.0 = Debug|Any CPU
		{C073176B-691F-4D89-9338-232260966C97}.Release|Any CPU.ActiveCfg = Release|Any CPU
		{C073176B-691F-4D89-9338-232260966C97}.Release|Any CPU.Build.0 = Release|Any CPU
		{AC6DAE81-F71C-4D48-BB9F-9590329F7D90}.Debug|Any CPU.ActiveCfg = Debug|Any CPU
		{AC6DAE81-F71C-4D48-BB9F-9590329F7D90}.Debug|Any CPU.Build.0 = Debug|Any CPU
		{AC6DAE81-F71C-4D48-BB9F-9590329F7D90}.Release|Any CPU.ActiveCfg = Release|Any CPU
		{AC6DAE81-F71C-4D48-BB9F-9590329F7D90}.Release|Any CPU.Build.0 = Release|Any CPU
		{86F5F482-407D-4C79-AFA1-A2038900FC56}.Debug|Any CPU.ActiveCfg = Debug|Any CPU
		{86F5F482-407D-4C79-AFA1-A2038900FC56}.Debug|Any CPU.Build.0 = Debug|Any CPU
		{86F5F482-407D-4C79-AFA1-A2038900FC56}.Release|Any CPU.ActiveCfg = Release|Any CPU
		{86F5F482-407D-4C79-AFA1-A2038900FC56}.Release|Any CPU.Build.0 = Release|Any CPU
		{AC552A70-5107-4FB6-8203-80556C08CE30}.Debug|Any CPU.ActiveCfg = Debug|Any CPU
		{AC552A70-5107-4FB6-8203-80556C08CE30}.Debug|Any CPU.Build.0 = Debug|Any CPU
		{AC552A70-5107-4FB6-8203-80556C08CE30}.Release|Any CPU.ActiveCfg = Release|Any CPU
		{AC552A70-5107-4FB6-8203-80556C08CE30}.Release|Any CPU.Build.0 = Release|Any CPU
		{4CE40B74-4038-490F-B761-CF8C2020BB4E}.Debug|Any CPU.ActiveCfg = Debug|Any CPU
		{4CE40B74-4038-490F-B761-CF8C2020BB4E}.Debug|Any CPU.Build.0 = Debug|Any CPU
		{4CE40B74-4038-490F-B761-CF8C2020BB4E}.Release|Any CPU.ActiveCfg = Release|Any CPU
		{4CE40B74-4038-490F-B761-CF8C2020BB4E}.Release|Any CPU.Build.0 = Release|Any CPU
		{34E9FFC8-C762-4A2B-A640-6E1E92D20492}.Debug|Any CPU.ActiveCfg = Debug|Any CPU
		{34E9FFC8-C762-4A2B-A640-6E1E92D20492}.Debug|Any CPU.Build.0 = Debug|Any CPU
		{34E9FFC8-C762-4A2B-A640-6E1E92D20492}.Release|Any CPU.ActiveCfg = Release|Any CPU
		{34E9FFC8-C762-4A2B-A640-6E1E92D20492}.Release|Any CPU.Build.0 = Release|Any CPU
		{002811CD-6BCB-4056-8F33-2530D8AC4D4C}.Debug|Any CPU.ActiveCfg = Debug|Any CPU
		{002811CD-6BCB-4056-8F33-2530D8AC4D4C}.Debug|Any CPU.Build.0 = Debug|Any CPU
		{002811CD-6BCB-4056-8F33-2530D8AC4D4C}.Release|Any CPU.ActiveCfg = Release|Any CPU
		{002811CD-6BCB-4056-8F33-2530D8AC4D4C}.Release|Any CPU.Build.0 = Release|Any CPU
		{56F97935-6CFB-4F9F-ABB5-D8343EB285DD}.Debug|Any CPU.ActiveCfg = Debug|Any CPU
		{56F97935-6CFB-4F9F-ABB5-D8343EB285DD}.Debug|Any CPU.Build.0 = Debug|Any CPU
		{56F97935-6CFB-4F9F-ABB5-D8343EB285DD}.Release|Any CPU.ActiveCfg = Release|Any CPU
		{56F97935-6CFB-4F9F-ABB5-D8343EB285DD}.Release|Any CPU.Build.0 = Release|Any CPU
		{7431FE76-032A-4639-B65A-451EB1C0C289}.Debug|Any CPU.ActiveCfg = Debug|Any CPU
		{7431FE76-032A-4639-B65A-451EB1C0C289}.Debug|Any CPU.Build.0 = Debug|Any CPU
		{7431FE76-032A-4639-B65A-451EB1C0C289}.Release|Any CPU.ActiveCfg = Release|Any CPU
		{7431FE76-032A-4639-B65A-451EB1C0C289}.Release|Any CPU.Build.0 = Release|Any CPU
		{12476BC8-FED3-4079-B424-760A9571FDAB}.Debug|Any CPU.ActiveCfg = Debug|Any CPU
		{12476BC8-FED3-4079-B424-760A9571FDAB}.Debug|Any CPU.Build.0 = Debug|Any CPU
		{12476BC8-FED3-4079-B424-760A9571FDAB}.Release|Any CPU.ActiveCfg = Release|Any CPU
		{12476BC8-FED3-4079-B424-760A9571FDAB}.Release|Any CPU.Build.0 = Release|Any CPU
		{51EE7A46-6237-47CC-B339-DE9A01944BCE}.Debug|Any CPU.ActiveCfg = Debug|Any CPU
		{51EE7A46-6237-47CC-B339-DE9A01944BCE}.Debug|Any CPU.Build.0 = Debug|Any CPU
		{51EE7A46-6237-47CC-B339-DE9A01944BCE}.Release|Any CPU.ActiveCfg = Release|Any CPU
		{51EE7A46-6237-47CC-B339-DE9A01944BCE}.Release|Any CPU.Build.0 = Release|Any CPU
		{D34B9CE6-0342-4E89-AC69-D43F4286C4DF}.Debug|Any CPU.ActiveCfg = Debug|Any CPU
		{D34B9CE6-0342-4E89-AC69-D43F4286C4DF}.Debug|Any CPU.Build.0 = Debug|Any CPU
		{D34B9CE6-0342-4E89-AC69-D43F4286C4DF}.Release|Any CPU.ActiveCfg = Release|Any CPU
		{D34B9CE6-0342-4E89-AC69-D43F4286C4DF}.Release|Any CPU.Build.0 = Release|Any CPU
		{5EF601F9-227D-4667-9CC4-36BA84F2F1DD}.Debug|Any CPU.ActiveCfg = Debug|Any CPU
		{5EF601F9-227D-4667-9CC4-36BA84F2F1DD}.Debug|Any CPU.Build.0 = Debug|Any CPU
		{5EF601F9-227D-4667-9CC4-36BA84F2F1DD}.Release|Any CPU.ActiveCfg = Release|Any CPU
		{5EF601F9-227D-4667-9CC4-36BA84F2F1DD}.Release|Any CPU.Build.0 = Release|Any CPU
		{BAD290BB-A7DF-43AC-B454-0E2DE8F2251E}.Debug|Any CPU.ActiveCfg = Debug|Any CPU
		{BAD290BB-A7DF-43AC-B454-0E2DE8F2251E}.Debug|Any CPU.Build.0 = Debug|Any CPU
		{BAD290BB-A7DF-43AC-B454-0E2DE8F2251E}.Release|Any CPU.ActiveCfg = Release|Any CPU
		{BAD290BB-A7DF-43AC-B454-0E2DE8F2251E}.Release|Any CPU.Build.0 = Release|Any CPU
		{93610523-71A5-4839-9F9F-C25DE1AB2DAE}.Debug|Any CPU.ActiveCfg = Debug|Any CPU
		{93610523-71A5-4839-9F9F-C25DE1AB2DAE}.Debug|Any CPU.Build.0 = Debug|Any CPU
		{93610523-71A5-4839-9F9F-C25DE1AB2DAE}.Release|Any CPU.ActiveCfg = Release|Any CPU
		{93610523-71A5-4839-9F9F-C25DE1AB2DAE}.Release|Any CPU.Build.0 = Release|Any CPU
		{22A5CA28-ED5D-4660-ABF2-2FDA1A2BE260}.Debug|Any CPU.ActiveCfg = Debug|Any CPU
		{22A5CA28-ED5D-4660-ABF2-2FDA1A2BE260}.Debug|Any CPU.Build.0 = Debug|Any CPU
		{22A5CA28-ED5D-4660-ABF2-2FDA1A2BE260}.Release|Any CPU.ActiveCfg = Release|Any CPU
		{22A5CA28-ED5D-4660-ABF2-2FDA1A2BE260}.Release|Any CPU.Build.0 = Release|Any CPU
		{ACCE569C-A262-419E-BBDA-69403F4028DA}.Debug|Any CPU.ActiveCfg = Debug|Any CPU
		{ACCE569C-A262-419E-BBDA-69403F4028DA}.Debug|Any CPU.Build.0 = Debug|Any CPU
		{ACCE569C-A262-419E-BBDA-69403F4028DA}.Release|Any CPU.ActiveCfg = Release|Any CPU
		{ACCE569C-A262-419E-BBDA-69403F4028DA}.Release|Any CPU.Build.0 = Release|Any CPU
		{9E36E9A3-2E7B-4A99-946E-6EE744DC0515}.Debug|Any CPU.ActiveCfg = Debug|Any CPU
		{9E36E9A3-2E7B-4A99-946E-6EE744DC0515}.Debug|Any CPU.Build.0 = Debug|Any CPU
		{9E36E9A3-2E7B-4A99-946E-6EE744DC0515}.Release|Any CPU.ActiveCfg = Release|Any CPU
		{9E36E9A3-2E7B-4A99-946E-6EE744DC0515}.Release|Any CPU.Build.0 = Release|Any CPU
		{2E09754D-E014-4B17-894E-7C9F43902AEB}.Debug|Any CPU.ActiveCfg = Debug|Any CPU
		{2E09754D-E014-4B17-894E-7C9F43902AEB}.Debug|Any CPU.Build.0 = Debug|Any CPU
		{2E09754D-E014-4B17-894E-7C9F43902AEB}.Release|Any CPU.ActiveCfg = Release|Any CPU
		{2E09754D-E014-4B17-894E-7C9F43902AEB}.Release|Any CPU.Build.0 = Release|Any CPU
		{6371DE72-0494-4CCA-97B3-27E5CD267B6F}.Debug|Any CPU.ActiveCfg = Debug|Any CPU
		{6371DE72-0494-4CCA-97B3-27E5CD267B6F}.Debug|Any CPU.Build.0 = Debug|Any CPU
		{6371DE72-0494-4CCA-97B3-27E5CD267B6F}.Release|Any CPU.ActiveCfg = Release|Any CPU
		{6371DE72-0494-4CCA-97B3-27E5CD267B6F}.Release|Any CPU.Build.0 = Release|Any CPU
		{689447AF-2794-4373-8130-6A54BACA83E3}.Debug|Any CPU.ActiveCfg = Debug|Any CPU
		{689447AF-2794-4373-8130-6A54BACA83E3}.Debug|Any CPU.Build.0 = Debug|Any CPU
		{689447AF-2794-4373-8130-6A54BACA83E3}.Release|Any CPU.ActiveCfg = Release|Any CPU
		{689447AF-2794-4373-8130-6A54BACA83E3}.Release|Any CPU.Build.0 = Release|Any CPU
		{6ED05A29-D49F-4B3A-A705-A5BBE348FF56}.Debug|Any CPU.ActiveCfg = Debug|Any CPU
		{6ED05A29-D49F-4B3A-A705-A5BBE348FF56}.Debug|Any CPU.Build.0 = Debug|Any CPU
		{6ED05A29-D49F-4B3A-A705-A5BBE348FF56}.Release|Any CPU.ActiveCfg = Release|Any CPU
		{6ED05A29-D49F-4B3A-A705-A5BBE348FF56}.Release|Any CPU.Build.0 = Release|Any CPU
		{C9C24FA3-531C-4EA1-8AEF-38AF96EB23FF}.Debug|Any CPU.ActiveCfg = Debug|Any CPU
		{C9C24FA3-531C-4EA1-8AEF-38AF96EB23FF}.Debug|Any CPU.Build.0 = Debug|Any CPU
		{C9C24FA3-531C-4EA1-8AEF-38AF96EB23FF}.Release|Any CPU.ActiveCfg = Release|Any CPU
		{C9C24FA3-531C-4EA1-8AEF-38AF96EB23FF}.Release|Any CPU.Build.0 = Release|Any CPU
		{30A0AED0-D814-42FF-A713-96565CA79427}.Debug|Any CPU.ActiveCfg = Debug|Any CPU
		{30A0AED0-D814-42FF-A713-96565CA79427}.Debug|Any CPU.Build.0 = Debug|Any CPU
		{30A0AED0-D814-42FF-A713-96565CA79427}.Release|Any CPU.ActiveCfg = Release|Any CPU
		{30A0AED0-D814-42FF-A713-96565CA79427}.Release|Any CPU.Build.0 = Release|Any CPU
		{B8D6EC92-6BF0-4856-AD14-16716580221E}.Debug|Any CPU.ActiveCfg = Debug|Any CPU
		{B8D6EC92-6BF0-4856-AD14-16716580221E}.Debug|Any CPU.Build.0 = Debug|Any CPU
		{B8D6EC92-6BF0-4856-AD14-16716580221E}.Release|Any CPU.ActiveCfg = Release|Any CPU
		{B8D6EC92-6BF0-4856-AD14-16716580221E}.Release|Any CPU.Build.0 = Release|Any CPU
		{D7BB3CFE-9717-40BD-AA1C-D3DC49F96AF5}.Debug|Any CPU.ActiveCfg = Debug|Any CPU
		{D7BB3CFE-9717-40BD-AA1C-D3DC49F96AF5}.Debug|Any CPU.Build.0 = Debug|Any CPU
		{D7BB3CFE-9717-40BD-AA1C-D3DC49F96AF5}.Release|Any CPU.ActiveCfg = Release|Any CPU
		{D7BB3CFE-9717-40BD-AA1C-D3DC49F96AF5}.Release|Any CPU.Build.0 = Release|Any CPU
		{C9FE4928-7E99-4AA1-9EA1-E66860526C76}.Debug|Any CPU.ActiveCfg = Debug|Any CPU
		{C9FE4928-7E99-4AA1-9EA1-E66860526C76}.Debug|Any CPU.Build.0 = Debug|Any CPU
		{C9FE4928-7E99-4AA1-9EA1-E66860526C76}.Release|Any CPU.ActiveCfg = Release|Any CPU
		{C9FE4928-7E99-4AA1-9EA1-E66860526C76}.Release|Any CPU.Build.0 = Release|Any CPU
	EndGlobalSection
	GlobalSection(SolutionProperties) = preSolution
		HideSolutionNode = FALSE
	EndGlobalSection
	GlobalSection(NestedProjects) = preSolution
		{5E1F59C5-FCAF-4D50-9ADB-BB8BFB89F656} = {F7F7E94C-A17D-4EC0-B888-913C40FCA96F}
		{774EA2F0-889B-4601-AFA8-E98809CD6360} = {F7F7E94C-A17D-4EC0-B888-913C40FCA96F}
		{C073176B-691F-4D89-9338-232260966C97} = {F7F7E94C-A17D-4EC0-B888-913C40FCA96F}
		{AC6DAE81-F71C-4D48-BB9F-9590329F7D90} = {F7F7E94C-A17D-4EC0-B888-913C40FCA96F}
		{86F5F482-407D-4C79-AFA1-A2038900FC56} = {F7F7E94C-A17D-4EC0-B888-913C40FCA96F}
		{AC552A70-5107-4FB6-8203-80556C08CE30} = {F7F7E94C-A17D-4EC0-B888-913C40FCA96F}
		{4CE40B74-4038-490F-B761-CF8C2020BB4E} = {F7F7E94C-A17D-4EC0-B888-913C40FCA96F}
		{34E9FFC8-C762-4A2B-A640-6E1E92D20492} = {F7F7E94C-A17D-4EC0-B888-913C40FCA96F}
		{002811CD-6BCB-4056-8F33-2530D8AC4D4C} = {F7F7E94C-A17D-4EC0-B888-913C40FCA96F}
		{56F97935-6CFB-4F9F-ABB5-D8343EB285DD} = {F7F7E94C-A17D-4EC0-B888-913C40FCA96F}
		{7431FE76-032A-4639-B65A-451EB1C0C289} = {F7F7E94C-A17D-4EC0-B888-913C40FCA96F}
		{12476BC8-FED3-4079-B424-760A9571FDAB} = {F7F7E94C-A17D-4EC0-B888-913C40FCA96F}
		{51EE7A46-6237-47CC-B339-DE9A01944BCE} = {F7F7E94C-A17D-4EC0-B888-913C40FCA96F}
		{D34B9CE6-0342-4E89-AC69-D43F4286C4DF} = {F7F7E94C-A17D-4EC0-B888-913C40FCA96F}
		{5EF601F9-227D-4667-9CC4-36BA84F2F1DD} = {F7F7E94C-A17D-4EC0-B888-913C40FCA96F}
		{BAD290BB-A7DF-43AC-B454-0E2DE8F2251E} = {F7F7E94C-A17D-4EC0-B888-913C40FCA96F}
		{93610523-71A5-4839-9F9F-C25DE1AB2DAE} = {F7F7E94C-A17D-4EC0-B888-913C40FCA96F}
		{22A5CA28-ED5D-4660-ABF2-2FDA1A2BE260} = {F7F7E94C-A17D-4EC0-B888-913C40FCA96F}
		{ACCE569C-A262-419E-BBDA-69403F4028DA} = {F7F7E94C-A17D-4EC0-B888-913C40FCA96F}
		{9E36E9A3-2E7B-4A99-946E-6EE744DC0515} = {F7F7E94C-A17D-4EC0-B888-913C40FCA96F}
		{2E09754D-E014-4B17-894E-7C9F43902AEB} = {F7F7E94C-A17D-4EC0-B888-913C40FCA96F}
		{6371DE72-0494-4CCA-97B3-27E5CD267B6F} = {F7F7E94C-A17D-4EC0-B888-913C40FCA96F}
		{689447AF-2794-4373-8130-6A54BACA83E3} = {F7F7E94C-A17D-4EC0-B888-913C40FCA96F}
		{6ED05A29-D49F-4B3A-A705-A5BBE348FF56} = {9091D3E7-6B09-4537-9EE6-8C8FDA3593EB}
		{C9C24FA3-531C-4EA1-8AEF-38AF96EB23FF} = {9091D3E7-6B09-4537-9EE6-8C8FDA3593EB}
		{30A0AED0-D814-42FF-A713-96565CA79427} = {F7F7E94C-A17D-4EC0-B888-913C40FCA96F}
		{B8D6EC92-6BF0-4856-AD14-16716580221E} = {9091D3E7-6B09-4537-9EE6-8C8FDA3593EB}
		{D7BB3CFE-9717-40BD-AA1C-D3DC49F96AF5} = {9091D3E7-6B09-4537-9EE6-8C8FDA3593EB}
		{C9FE4928-7E99-4AA1-9EA1-E66860526C76} = {F7F7E94C-A17D-4EC0-B888-913C40FCA96F}
	EndGlobalSection
	GlobalSection(ExtensibilityGlobals) = postSolution
		SolutionGuid = {6C5BC9EA-4C98-48FE-B2D6-74DFE50D8305}
	EndGlobalSection
EndGlobal
